
Microsoft Visual Studio Solution File, Format Version 12.00
# Visual Studio Version 17
VisualStudioVersion = 17.14.36429.23 d17.14
MinimumVisualStudioVersion = 10.0.40219.1
Project("{FAE04EC0-301F-11D3-BF4B-00C04F79EFBC}") = "Project", "Project.csproj", "{2C12DDC5-CA07-4C52-A70A-9EC1558C295F}"
EndProject
Global
	GlobalSection(SolutionConfigurationPlatforms) = preSolution
		Debug|Any CPU = Debug|Any CPU
		Release|Any CPU = Release|Any CPU
	EndGlobalSection
	GlobalSection(ProjectConfigurationPlatforms) = postSolution
		{2C12DDC5-CA07-4C52-A70A-9EC1558C295F}.Debug|Any CPU.ActiveCfg = Debug|Any CPU
		{2C12DDC5-CA07-4C52-A70A-9EC1558C295F}.Debug|Any CPU.Build.0 = Debug|Any CPU
		{2C12DDC5-CA07-4C52-A70A-9EC1558C295F}.Release|Any CPU.ActiveCfg = Release|Any CPU
		{2C12DDC5-CA07-4C52-A70A-9EC1558C295F}.Release|Any CPU.Build.0 = Release|Any CPU
	EndGlobalSection
	GlobalSection(SolutionProperties) = preSolution
		HideSolutionNode = FALSE
	EndGlobalSection
	GlobalSection(ExtensibilityGlobals) = postSolution
		SolutionGuid = {6DAC9462-2019-4A57-8093-4FCADA44042F}
	EndGlobalSection
EndGlobal
